// !$*UTF8*$!
{
	archiveVersion = 1;
	classes = {
	};
	objectVersion = 56;
	objects = {

/* Begin PBXBuildFile section */
		F81FE0622A153B76001EA8A9 /* PokedexApp.swift in Sources */ = {isa = PBXBuildFile; fileRef = F81FE0612A153B76001EA8A9 /* PokedexApp.swift */; };
		F81FE0662A153B76001EA8A9 /* Assets.xcassets in Resources */ = {isa = PBXBuildFile; fileRef = F81FE0652A153B76001EA8A9 /* Assets.xcassets */; };
		F81FE0692A153B76001EA8A9 /* Preview Assets.xcassets in Resources */ = {isa = PBXBuildFile; fileRef = F81FE0682A153B76001EA8A9 /* Preview Assets.xcassets */; };
		F86F6C282A15A09A001AA842 /* PokemonListViewModel.swift in Sources */ = {isa = PBXBuildFile; fileRef = F86F6C272A15A09A001AA842 /* PokemonListViewModel.swift */; };
		F86F6C2C2A15A665001AA842 /* PokemonViewModel.swift in Sources */ = {isa = PBXBuildFile; fileRef = F86F6C2B2A15A665001AA842 /* PokemonViewModel.swift */; };
		F86F6C2E2A1686B4001AA842 /* Pokemon.swift in Sources */ = {isa = PBXBuildFile; fileRef = F86F6C2D2A1686B4001AA842 /* Pokemon.swift */; };
		F88670752A153C1C00375B5D /* PokemonListView.swift in Sources */ = {isa = PBXBuildFile; fileRef = F88670742A153C1C00375B5D /* PokemonListView.swift */; };
		F88670772A153C3C00375B5D /* PokemonView.swift in Sources */ = {isa = PBXBuildFile; fileRef = F88670762A153C3C00375B5D /* PokemonView.swift */; };
		F886707A2A153D1000375B5D /* SwiftyJSON in Frameworks */ = {isa = PBXBuildFile; productRef = F88670792A153D1000375B5D /* SwiftyJSON */; };
		F8A034962A197D640004ADA7 /* PokemonLogoView.swift in Sources */ = {isa = PBXBuildFile; fileRef = F8A034952A197D640004ADA7 /* PokemonLogoView.swift */; };
		F8A034982A197E150004ADA7 /* Pokemon Solid.ttf in Resources */ = {isa = PBXBuildFile; fileRef = F8A034972A197E150004ADA7 /* Pokemon Solid.ttf */; };
		F8A0349B2A1D58DB0004ADA7 /* PokemonDescription.swift in Sources */ = {isa = PBXBuildFile; fileRef = F8A0349A2A1D58DB0004ADA7 /* PokemonDescription.swift */; };
		F8A034A02A1E87FE0004ADA7 /* RowDataView.swift in Sources */ = {isa = PBXBuildFile; fileRef = F8A0349F2A1E87FE0004ADA7 /* RowDataView.swift */; };
/* End PBXBuildFile section */

/* Begin PBXFileReference section */
		F81FE05E2A153B76001EA8A9 /* Pokedex.app */ = {isa = PBXFileReference; explicitFileType = wrapper.application; includeInIndex = 0; path = Pokedex.app; sourceTree = BUILT_PRODUCTS_DIR; };
		F81FE0612A153B76001EA8A9 /* PokedexApp.swift */ = {isa = PBXFileReference; lastKnownFileType = sourcecode.swift; path = PokedexApp.swift; sourceTree = "<group>"; };
		F81FE0652A153B76001EA8A9 /* Assets.xcassets */ = {isa = PBXFileReference; lastKnownFileType = folder.assetcatalog; path = Assets.xcassets; sourceTree = "<group>"; };
		F81FE0682A153B76001EA8A9 /* Preview Assets.xcassets */ = {isa = PBXFileReference; lastKnownFileType = folder.assetcatalog; path = "Preview Assets.xcassets"; sourceTree = "<group>"; };
		F86F6C272A15A09A001AA842 /* PokemonListViewModel.swift */ = {isa = PBXFileReference; lastKnownFileType = sourcecode.swift; path = PokemonListViewModel.swift; sourceTree = "<group>"; };
		F86F6C2B2A15A665001AA842 /* PokemonViewModel.swift */ = {isa = PBXFileReference; lastKnownFileType = sourcecode.swift; path = PokemonViewModel.swift; sourceTree = "<group>"; };
		F86F6C2D2A1686B4001AA842 /* Pokemon.swift */ = {isa = PBXFileReference; lastKnownFileType = sourcecode.swift; path = Pokemon.swift; sourceTree = "<group>"; };
		F88670742A153C1C00375B5D /* PokemonListView.swift */ = {isa = PBXFileReference; lastKnownFileType = sourcecode.swift; path = PokemonListView.swift; sourceTree = "<group>"; };
		F88670762A153C3C00375B5D /* PokemonView.swift */ = {isa = PBXFileReference; lastKnownFileType = sourcecode.swift; path = PokemonView.swift; sourceTree = "<group>"; };
		F8A034952A197D640004ADA7 /* PokemonLogoView.swift */ = {isa = PBXFileReference; lastKnownFileType = sourcecode.swift; path = PokemonLogoView.swift; sourceTree = "<group>"; };
		F8A034972A197E150004ADA7 /* Pokemon Solid.ttf */ = {isa = PBXFileReference; lastKnownFileType = file; name = "Pokemon Solid.ttf"; path = "../../../../../Downloads/pokmon/Pokemon Solid.ttf"; sourceTree = "<group>"; };
		F8A034992A197E660004ADA7 /* Info.plist */ = {isa = PBXFileReference; lastKnownFileType = text.plist; path = Info.plist; sourceTree = "<group>"; };
		F8A0349A2A1D58DB0004ADA7 /* PokemonDescription.swift */ = {isa = PBXFileReference; lastKnownFileType = sourcecode.swift; path = PokemonDescription.swift; sourceTree = "<group>"; };
		F8A0349F2A1E87FE0004ADA7 /* RowDataView.swift */ = {isa = PBXFileReference; lastKnownFileType = sourcecode.swift; path = RowDataView.swift; sourceTree = "<group>"; };
/* End PBXFileReference section */

/* Begin PBXFrameworksBuildPhase section */
		F81FE05B2A153B76001EA8A9 /* Frameworks */ = {
			isa = PBXFrameworksBuildPhase;
			buildActionMask = 2147483647;
			files = (
				F886707A2A153D1000375B5D /* SwiftyJSON in Frameworks */,
			);
			runOnlyForDeploymentPostprocessing = 0;
		};
/* End PBXFrameworksBuildPhase section */

/* Begin PBXGroup section */
		F80BD1402A1579B1005AF204 /* Views */ = {
			isa = PBXGroup;
			children = (
				F8A0349C2A1E87B30004ADA7 /* Components */,
				F88670762A153C3C00375B5D /* PokemonView.swift */,
				F88670742A153C1C00375B5D /* PokemonListView.swift */,
				F8A034972A197E150004ADA7 /* Pokemon Solid.ttf */,
			);
			path = Views;
			sourceTree = "<group>";
		};
		F80BD1412A1579C9005AF204 /* Models */ = {
			isa = PBXGroup;
			children = (
				F86F6C2D2A1686B4001AA842 /* Pokemon.swift */,
			);
			path = Models;
			sourceTree = "<group>";
		};
		F80BD1422A158CA4005AF204 /* ViewModels */ = {
			isa = PBXGroup;
			children = (
				F86F6C272A15A09A001AA842 /* PokemonListViewModel.swift */,
				F86F6C2B2A15A665001AA842 /* PokemonViewModel.swift */,
			);
			path = ViewModels;
			sourceTree = "<group>";
		};
		F81FE0552A153B76001EA8A9 = {
			isa = PBXGroup;
			children = (
				F81FE0602A153B76001EA8A9 /* Pokedex */,
				F81FE05F2A153B76001EA8A9 /* Products */,
			);
			sourceTree = "<group>";
		};
		F81FE05F2A153B76001EA8A9 /* Products */ = {
			isa = PBXGroup;
			children = (
				F81FE05E2A153B76001EA8A9 /* Pokedex.app */,
			);
			name = Products;
			sourceTree = "<group>";
		};
		F81FE0602A153B76001EA8A9 /* Pokedex */ = {
			isa = PBXGroup;
			children = (
				F8A034992A197E660004ADA7 /* Info.plist */,
				F80BD1422A158CA4005AF204 /* ViewModels */,
				F80BD1412A1579C9005AF204 /* Models */,
				F80BD1402A1579B1005AF204 /* Views */,
				F81FE0612A153B76001EA8A9 /* PokedexApp.swift */,
				F81FE0652A153B76001EA8A9 /* Assets.xcassets */,
				F81FE0672A153B76001EA8A9 /* Preview Content */,
			);
			path = Pokedex;
			sourceTree = "<group>";
		};
		F81FE0672A153B76001EA8A9 /* Preview Content */ = {
			isa = PBXGroup;
			children = (
				F81FE0682A153B76001EA8A9 /* Preview Assets.xcassets */,
			);
			path = "Preview Content";
			sourceTree = "<group>";
		};
		F8A0349C2A1E87B30004ADA7 /* Components */ = {
			isa = PBXGroup;
			children = (
				F8A034952A197D640004ADA7 /* PokemonLogoView.swift */,
				F8A0349A2A1D58DB0004ADA7 /* PokemonDescription.swift */,
				F8A0349F2A1E87FE0004ADA7 /* RowDataView.swift */,
			);
			path = Components;
			sourceTree = "<group>";
		};
/* End PBXGroup section */

/* Begin PBXNativeTarget section */
		F81FE05D2A153B76001EA8A9 /* Pokedex */ = {
			isa = PBXNativeTarget;
			buildConfigurationList = F81FE06C2A153B76001EA8A9 /* Build configuration list for PBXNativeTarget "Pokedex" */;
			buildPhases = (
				F81FE05A2A153B76001EA8A9 /* Sources */,
				F81FE05B2A153B76001EA8A9 /* Frameworks */,
				F81FE05C2A153B76001EA8A9 /* Resources */,
			);
			buildRules = (
			);
			dependencies = (
			);
			name = Pokedex;
			packageProductDependencies = (
				F88670792A153D1000375B5D /* SwiftyJSON */,
			);
			productName = Pokedex;
			productReference = F81FE05E2A153B76001EA8A9 /* Pokedex.app */;
			productType = "com.apple.product-type.application";
		};
/* End PBXNativeTarget section */

/* Begin PBXProject section */
		F81FE0562A153B76001EA8A9 /* Project object */ = {
			isa = PBXProject;
			attributes = {
				BuildIndependentTargetsInParallel = 1;
				LastSwiftUpdateCheck = 1420;
				LastUpgradeCheck = 1420;
				TargetAttributes = {
					F81FE05D2A153B76001EA8A9 = {
						CreatedOnToolsVersion = 14.2;
					};
				};
			};
			buildConfigurationList = F81FE0592A153B76001EA8A9 /* Build configuration list for PBXProject "Pokedex" */;
			compatibilityVersion = "Xcode 14.0";
			developmentRegion = en;
			hasScannedForEncodings = 0;
			knownRegions = (
				en,
				Base,
			);
			mainGroup = F81FE0552A153B76001EA8A9;
			packageReferences = (
				F88670782A153D1000375B5D /* XCRemoteSwiftPackageReference "SwiftyJSON" */,
			);
			productRefGroup = F81FE05F2A153B76001EA8A9 /* Products */;
			projectDirPath = "";
			projectRoot = "";
			targets = (
				F81FE05D2A153B76001EA8A9 /* Pokedex */,
			);
		};
/* End PBXProject section */

/* Begin PBXResourcesBuildPhase section */
		F81FE05C2A153B76001EA8A9 /* Resources */ = {
			isa = PBXResourcesBuildPhase;
			buildActionMask = 2147483647;
			files = (
				F8A034982A197E150004ADA7 /* Pokemon Solid.ttf in Resources */,
				F81FE0692A153B76001EA8A9 /* Preview Assets.xcassets in Resources */,
				F81FE0662A153B76001EA8A9 /* Assets.xcassets in Resources */,
			);
			runOnlyForDeploymentPostprocessing = 0;
		};
/* End PBXResourcesBuildPhase section */

/* Begin PBXSourcesBuildPhase section */
		F81FE05A2A153B76001EA8A9 /* Sources */ = {
			isa = PBXSourcesBuildPhase;
			buildActionMask = 2147483647;
			files = (
				F8A0349B2A1D58DB0004ADA7 /* PokemonDescription.swift in Sources */,
				F86F6C2E2A1686B4001AA842 /* Pokemon.swift in Sources */,
				F88670772A153C3C00375B5D /* PokemonView.swift in Sources */,
				F86F6C282A15A09A001AA842 /* PokemonListViewModel.swift in Sources */,
				F8A034A02A1E87FE0004ADA7 /* RowDataView.swift in Sources */,
				F86F6C2C2A15A665001AA842 /* PokemonViewModel.swift in Sources */,
				F88670752A153C1C00375B5D /* PokemonListView.swift in Sources */,
				F8A034962A197D640004ADA7 /* PokemonLogoView.swift in Sources */,
				F81FE0622A153B76001EA8A9 /* PokedexApp.swift in Sources */,
			);
			runOnlyForDeploymentPostprocessing = 0;
		};
/* End PBXSourcesBuildPhase section */

/* Begin XCBuildConfiguration section */
		F81FE06A2A153B76001EA8A9 /* Debug */ = {
			isa = XCBuildConfiguration;
			buildSettings = {
				ALWAYS_SEARCH_USER_PATHS = NO;
				CLANG_ANALYZER_NONNULL = YES;
				CLANG_ANALYZER_NUMBER_OBJECT_CONVERSION = YES_AGGRESSIVE;
				CLANG_CXX_LANGUAGE_STANDARD = "gnu++20";
				CLANG_ENABLE_MODULES = YES;
				CLANG_ENABLE_OBJC_ARC = YES;
				CLANG_ENABLE_OBJC_WEAK = YES;
				CLANG_WARN_BLOCK_CAPTURE_AUTORELEASING = YES;
				CLANG_WARN_BOOL_CONVERSION = YES;
				CLANG_WARN_COMMA = YES;
				CLANG_WARN_CONSTANT_CONVERSION = YES;
				CLANG_WARN_DEPRECATED_OBJC_IMPLEMENTATIONS = YES;
				CLANG_WARN_DIRECT_OBJC_ISA_USAGE = YES_ERROR;
				CLANG_WARN_DOCUMENTATION_COMMENTS = YES;
				CLANG_WARN_EMPTY_BODY = YES;
				CLANG_WARN_ENUM_CONVERSION = YES;
				CLANG_WARN_INFINITE_RECURSION = YES;
				CLANG_WARN_INT_CONVERSION = YES;
				CLANG_WARN_NON_LITERAL_NULL_CONVERSION = YES;
				CLANG_WARN_OBJC_IMPLICIT_RETAIN_SELF = YES;
				CLANG_WARN_OBJC_LITERAL_CONVERSION = YES;
				CLANG_WARN_OBJC_ROOT_CLASS = YES_ERROR;
				CLANG_WARN_QUOTED_INCLUDE_IN_FRAMEWORK_HEADER = YES;
				CLANG_WARN_RANGE_LOOP_ANALYSIS = YES;
				CLANG_WARN_STRICT_PROTOTYPES = YES;
				CLANG_WARN_SUSPICIOUS_MOVE = YES;
				CLANG_WARN_UNGUARDED_AVAILABILITY = YES_AGGRESSIVE;
				CLANG_WARN_UNREACHABLE_CODE = YES;
				CLANG_WARN__DUPLICATE_METHOD_MATCH = YES;
				COPY_PHASE_STRIP = NO;
				DEBUG_INFORMATION_FORMAT = dwarf;
				ENABLE_STRICT_OBJC_MSGSEND = YES;
				ENABLE_TESTABILITY = YES;
				GCC_C_LANGUAGE_STANDARD = gnu11;
				GCC_DYNAMIC_NO_PIC = NO;
				GCC_NO_COMMON_BLOCKS = YES;
				GCC_OPTIMIZATION_LEVEL = 0;
				GCC_PREPROCESSOR_DEFINITIONS = (
					"DEBUG=1",
					"$(inherited)",
				);
				GCC_WARN_64_TO_32_BIT_CONVERSION = YES;
				GCC_WARN_ABOUT_RETURN_TYPE = YES_ERROR;
				GCC_WARN_UNDECLARED_SELECTOR = YES;
				GCC_WARN_UNINITIALIZED_AUTOS = YES_AGGRESSIVE;
				GCC_WARN_UNUSED_FUNCTION = YES;
				GCC_WARN_UNUSED_VARIABLE = YES;
				IPHONEOS_DEPLOYMENT_TARGET = 16.2;
				MTL_ENABLE_DEBUG_INFO = INCLUDE_SOURCE;
				MTL_FAST_MATH = YES;
				ONLY_ACTIVE_ARCH = YES;
				SDKROOT = iphoneos;
				SWIFT_ACTIVE_COMPILATION_CONDITIONS = DEBUG;
				SWIFT_OPTIMIZATION_LEVEL = "-Onone";
			};
			name = Debug;
		};
		F81FE06B2A153B76001EA8A9 /* Release */ = {
			isa = XCBuildConfiguration;
			buildSettings = {
				ALWAYS_SEARCH_USER_PATHS = NO;
				CLANG_ANALYZER_NONNULL = YES;
				CLANG_ANALYZER_NUMBER_OBJECT_CONVERSION = YES_AGGRESSIVE;
				CLANG_CXX_LANGUAGE_STANDARD = "gnu++20";
				CLANG_ENABLE_MODULES = YES;
				CLANG_ENABLE_OBJC_ARC = YES;
				CLANG_ENABLE_OBJC_WEAK = YES;
				CLANG_WARN_BLOCK_CAPTURE_AUTORELEASING = YES;
				CLANG_WARN_BOOL_CONVERSION = YES;
				CLANG_WARN_COMMA = YES;
				CLANG_WARN_CONSTANT_CONVERSION = YES;
				CLANG_WARN_DEPRECATED_OBJC_IMPLEMENTATIONS = YES;
				CLANG_WARN_DIRECT_OBJC_ISA_USAGE = YES_ERROR;
				CLANG_WARN_DOCUMENTATION_COMMENTS = YES;
				CLANG_WARN_EMPTY_BODY = YES;
				CLANG_WARN_ENUM_CONVERSION = YES;
				CLANG_WARN_INFINITE_RECURSION = YES;
				CLANG_WARN_INT_CONVERSION = YES;
				CLANG_WARN_NON_LITERAL_NULL_CONVERSION = YES;
				CLANG_WARN_OBJC_IMPLICIT_RETAIN_SELF = YES;
				CLANG_WARN_OBJC_LITERAL_CONVERSION = YES;
				CLANG_WARN_OBJC_ROOT_CLASS = YES_ERROR;
				CLANG_WARN_QUOTED_INCLUDE_IN_FRAMEWORK_HEADER = YES;
				CLANG_WARN_RANGE_LOOP_ANALYSIS = YES;
				CLANG_WARN_STRICT_PROTOTYPES = YES;
				CLANG_WARN_SUSPICIOUS_MOVE = YES;
				CLANG_WARN_UNGUARDED_AVAILABILITY = YES_AGGRESSIVE;
				CLANG_WARN_UNREACHABLE_CODE = YES;
				CLANG_WARN__DUPLICATE_METHOD_MATCH = YES;
				COPY_PHASE_STRIP = NO;
				DEBUG_INFORMATION_FORMAT = "dwarf-with-dsym";
				ENABLE_NS_ASSERTIONS = NO;
				ENABLE_STRICT_OBJC_MSGSEND = YES;
				GCC_C_LANGUAGE_STANDARD = gnu11;
				GCC_NO_COMMON_BLOCKS = YES;
				GCC_WARN_64_TO_32_BIT_CONVERSION = YES;
				GCC_WARN_ABOUT_RETURN_TYPE = YES_ERROR;
				GCC_WARN_UNDECLARED_SELECTOR = YES;
				GCC_WARN_UNINITIALIZED_AUTOS = YES_AGGRESSIVE;
				GCC_WARN_UNUSED_FUNCTION = YES;
				GCC_WARN_UNUSED_VARIABLE = YES;
				IPHONEOS_DEPLOYMENT_TARGET = 16.2;
				MTL_ENABLE_DEBUG_INFO = NO;
				MTL_FAST_MATH = YES;
				SDKROOT = iphoneos;
				SWIFT_COMPILATION_MODE = wholemodule;
				SWIFT_OPTIMIZATION_LEVEL = "-O";
				VALIDATE_PRODUCT = YES;
			};
			name = Release;
		};
		F81FE06D2A153B76001EA8A9 /* Debug */ = {
			isa = XCBuildConfiguration;
			buildSettings = {
				ASSETCATALOG_COMPILER_APPICON_NAME = AppIcon;
				ASSETCATALOG_COMPILER_GLOBAL_ACCENT_COLOR_NAME = AccentColor;
				CODE_SIGN_STYLE = Automatic;
				CURRENT_PROJECT_VERSION = 1;
				DEVELOPMENT_ASSET_PATHS = "\"Pokedex/Preview Content\"";
				DEVELOPMENT_TEAM = HD537K8PP3;
				ENABLE_PREVIEWS = YES;
				GENERATE_INFOPLIST_FILE = YES;
				INFOPLIST_FILE = Pokedex/Info.plist;
				INFOPLIST_KEY_UIApplicationSceneManifest_Generation = YES;
				INFOPLIST_KEY_UIApplicationSupportsIndirectInputEvents = YES;
				INFOPLIST_KEY_UILaunchScreen_Generation = YES;
				INFOPLIST_KEY_UISupportedInterfaceOrientations_iPad = "UIInterfaceOrientationPortrait UIInterfaceOrientationPortraitUpsideDown UIInterfaceOrientationLandscapeLeft UIInterfaceOrientationLandscapeRight";
				INFOPLIST_KEY_UISupportedInterfaceOrientations_iPhone = "UIInterfaceOrientationPortrait UIInterfaceOrientationLandscapeLeft UIInterfaceOrientationLandscapeRight";
				LD_RUNPATH_SEARCH_PATHS = (
					"$(inherited)",
					"@executable_path/Frameworks",
				);
				MARKETING_VERSION = 1.0;
				PRODUCT_BUNDLE_IDENTIFIER = com.kevinwhelan.Scrumdinger.Pokedex;
				PRODUCT_NAME = "$(TARGET_NAME)";
				SWIFT_EMIT_LOC_STRINGS = YES;
				SWIFT_VERSION = 5.0;
				TARGETED_DEVICE_FAMILY = "1,2";
			};
			name = Debug;
		};
		F81FE06E2A153B76001EA8A9 /* Release */ = {
			isa = XCBuildConfiguration;
			buildSettings = {
				ASSETCATALOG_COMPILER_APPICON_NAME = AppIcon;
				ASSETCATALOG_COMPILER_GLOBAL_ACCENT_COLOR_NAME = AccentColor;
				CODE_SIGN_STYLE = Automatic;
				CURRENT_PROJECT_VERSION = 1;
				DEVELOPMENT_ASSET_PATHS = "\"Pokedex/Preview Content\"";
				DEVELOPMENT_TEAM = HD537K8PP3;
				ENABLE_PREVIEWS = YES;
				GENERATE_INFOPLIST_FILE = YES;
				INFOPLIST_FILE = Pokedex/Info.plist;
				INFOPLIST_KEY_UIApplicationSceneManifest_Generation = YES;
				INFOPLIST_KEY_UIApplicationSupportsIndirectInputEvents = YES;
				INFOPLIST_KEY_UILaunchScreen_Generation = YES;
				INFOPLIST_KEY_UISupportedInterfaceOrientations_iPad = "UIInterfaceOrientationPortrait UIInterfaceOrientationPortraitUpsideDown UIInterfaceOrientationLandscapeLeft UIInterfaceOrientationLandscapeRight";
				INFOPLIST_KEY_UISupportedInterfaceOrientations_iPhone = "UIInterfaceOrientationPortrait UIInterfaceOrientationLandscapeLeft UIInterfaceOrientationLandscapeRight";
				LD_RUNPATH_SEARCH_PATHS = (
					"$(inherited)",
					"@executable_path/Frameworks",
				);
				MARKETING_VERSION = 1.0;
				PRODUCT_BUNDLE_IDENTIFIER = com.kevinwhelan.Scrumdinger.Pokedex;
				PRODUCT_NAME = "$(TARGET_NAME)";
				SWIFT_EMIT_LOC_STRINGS = YES;
				SWIFT_VERSION = 5.0;
				TARGETED_DEVICE_FAMILY = "1,2";
			};
			name = Release;
		};
/* End XCBuildConfiguration section */

/* Begin XCConfigurationList section */
		F81FE0592A153B76001EA8A9 /* Build configuration list for PBXProject "Pokedex" */ = {
			isa = XCConfigurationList;
			buildConfigurations = (
				F81FE06A2A153B76001EA8A9 /* Debug */,
				F81FE06B2A153B76001EA8A9 /* Release */,
			);
			defaultConfigurationIsVisible = 0;
			defaultConfigurationName = Release;
		};
		F81FE06C2A153B76001EA8A9 /* Build configuration list for PBXNativeTarget "Pokedex" */ = {
			isa = XCConfigurationList;
			buildConfigurations = (
				F81FE06D2A153B76001EA8A9 /* Debug */,
				F81FE06E2A153B76001EA8A9 /* Release */,
			);
			defaultConfigurationIsVisible = 0;
			defaultConfigurationName = Release;
		};
/* End XCConfigurationList section */

/* Begin XCRemoteSwiftPackageReference section */
		F88670782A153D1000375B5D /* XCRemoteSwiftPackageReference "SwiftyJSON" */ = {
			isa = XCRemoteSwiftPackageReference;
			repositoryURL = "https://github.com/SwiftyJSON/SwiftyJSON";
			requirement = {
				kind = upToNextMajorVersion;
				minimumVersion = 5.0.0;
			};
		};
/* End XCRemoteSwiftPackageReference section */

/* Begin XCSwiftPackageProductDependency section */
		F88670792A153D1000375B5D /* SwiftyJSON */ = {
			isa = XCSwiftPackageProductDependency;
			package = F88670782A153D1000375B5D /* XCRemoteSwiftPackageReference "SwiftyJSON" */;
			productName = SwiftyJSON;
		};
/* End XCSwiftPackageProductDependency section */
	};
	rootObject = F81FE0562A153B76001EA8A9 /* Project object */;
}
